
Microsoft Visual Studio Solution File, Format Version 12.00
# Visual Studio 15
Project("{FAE04EC0-301F-11D3-BF4B-00C04F79EFBC}") = "TowerAttack Project", "TowerAttack Project.csproj", "{DD71A4F8-B882-FAD0-EDA5-2FED832FE403}"
EndProject
Global
	GlobalSection(SolutionConfigurationPlatforms) = preSolution
		Debug|Any CPU = Debug|Any CPU
		Release|Any CPU = Release|Any CPU
	EndGlobalSection
	GlobalSection(ProjectConfigurationPlatforms) = postSolution
		{DD71A4F8-B882-FAD0-EDA5-2FED832FE403}.Debug|Any CPU.ActiveCfg = Debug|Any CPU
		{DD71A4F8-B882-FAD0-EDA5-2FED832FE403}.Debug|Any CPU.Build.0 = Debug|Any CPU
		{DD71A4F8-B882-FAD0-EDA5-2FED832FE403}.Release|Any CPU.ActiveCfg = Release|Any CPU
		{DD71A4F8-B882-FAD0-EDA5-2FED832FE403}.Release|Any CPU.Build.0 = Release|Any CPU
	EndGlobalSection
	GlobalSection(SolutionProperties) = preSolution
		HideSolutionNode = FALSE
	EndGlobalSection
EndGlobal
